<Solution>
  <Folder Name="/src/">
    <Project Path="src/Custodex.Abstractions/Custodex.Abstractions.csproj" Id="db87549c-4b8d-4c66-acf6-6d2bfa6debf4" />
    <Project Path="src/Custodex.AppHost/Custodex.AppHost.csproj" Id="2ee6f37f-4d92-4a22-b9bd-01b5dd70ba9a" />
    <Project Path="src/Custodex.Client/Custodex.Client.csproj" />
    <Project Path="src/Custodex.Core/Custodex.Core.csproj" Id="e5a977c7-5d0d-4d64-b358-056400fbcde1" />
    <Project Path="src/Custodex.Service/Custodex.Service.csproj" />
    <Project Path="src/Custodex.ServiceDefaults/Custodex.ServiceDefaults.csproj" />
    <Project Path="src/Custodex.Storage.InMemory/Custodex.Storage.InMemory.csproj" />
    <Project Path="src/Custodex.Storage.Postgres/Custodex.Storage.Postgres.csproj" />
  </Folder>
  <Folder Name="/tests/">
    <Project Path="tests/Custodex.Abstractions.Tests/Custodex.Abstractions.Tests.csproj" Id="6ba2306f-43eb-438a-b5c7-7ddbb98bffc6" />
    <Project Path="tests/Custodex.Benchmarks/Custodex.Benchmarks.csproj" />
    <Project Path="tests/Custodex.Core.Tests/Custodex.Core.Tests.csproj" />
    <Project Path="tests/Custodex.Storage.InMemory.Tests/Custodex.Storage.InMemory.Tests.csproj" />
    <Project Path="tests/Custodex.TestKit/Custodex.TestKit.csproj" />
    <Project Path="tests/Custodex.Service.Tests/Custodex.Service.Tests.csproj" />
    <Project Path="tests/Custodex.Storage.Postgres.Tests/Custodex.Storage.Postgres.Tests.csproj" />
  </Folder>
</Solution>
